
Microsoft Visual Studio Solution File, Format Version 12.00
# Visual Studio 2012
Project("{FAE04EC0-301F-11D3-BF4B-00C04F79EFBC}") = "APLICACAO", "APLICACAO\APLICACAO.csproj", "{701EECF5-713D-4353-A6D2-1227BD43BB27}"
EndProject
Global
	GlobalSection(SolutionConfigurationPlatforms) = preSolution
		Debug|Any CPU = Debug|Any CPU
		Release|Any CPU = Release|Any CPU
	EndGlobalSection
	GlobalSection(ProjectConfigurationPlatforms) = postSolution
		{701EECF5-713D-4353-A6D2-1227BD43BB27}.Debug|Any CPU.ActiveCfg = Debug|Any CPU
		{701EECF5-713D-4353-A6D2-1227BD43BB27}.Debug|Any CPU.Build.0 = Debug|Any CPU
		{701EECF5-713D-4353-A6D2-1227BD43BB27}.Release|Any CPU.ActiveCfg = Release|Any CPU
		{701EECF5-713D-4353-A6D2-1227BD43BB27}.Release|Any CPU.Build.0 = Release|Any CPU
	EndGlobalSection
	GlobalSection(SolutionProperties) = preSolution
		HideSolutionNode = FALSE
	EndGlobalSection
EndGlobal
